# This file is automatically @generated by Cargo.
# It is not intended for manual editing.
version = 4

[[package]]
name = "cad-dispatch"
version = "0.0.1"

[[package]]
name = "comms"
version = "0.0.1"

[[package]]
name = "core-ecs"
version = "0.0.1"

[[package]]
name = "core-time"
version = "0.0.1"

[[package]]
name = "metrics"
version = "0.0.1"

[[package]]
name = "pharmacology"
version = "0.0.1"

[[package]]
name = "physiology"
version = "0.0.1"
dependencies = [
 "core-time",
]

[[package]]
name = "procedures"
version = "0.0.1"

[[package]]
name = "protocols"
version = "0.0.1"

[[package]]
name = "scenario-runtime"
version = "0.0.1"

[[package]]
name = "sim-server"
version = "0.0.1"
dependencies = [
 "core-time",
 "physiology",
]

[[package]]
name = "traffic-ai"
version = "0.0.1"

[[package]]
name = "vehicles"
version = "0.0.1"

[[package]]
name = "world"
version = "0.0.1"
